
Microsoft Visual Studio Solution File, Format Version 12.00
# Visual Studio Version 17
VisualStudioVersion = 17.6.33815.320
MinimumVisualStudioVersion = 10.0.40219.1
Project("{FAE04EC0-301F-11D3-BF4B-00C04F79EFBC}") = "SistemaInventario", "SistemaInventario\SistemaInventario.csproj", "{68773B66-D45F-46AF-8A1E-A29CE500DDC8}"
EndProject
Global
	GlobalSection(SolutionConfigurationPlatforms) = preSolution
		Debug|Any CPU = Debug|Any CPU
		Release|Any CPU = Release|Any CPU
	EndGlobalSection
	GlobalSection(ProjectConfigurationPlatforms) = postSolution
		{68773B66-D45F-46AF-8A1E-A29CE500DDC8}.Debug|Any CPU.ActiveCfg = Debug|Any CPU
		{68773B66-D45F-46AF-8A1E-A29CE500DDC8}.Debug|Any CPU.Build.0 = Debug|Any CPU
		{68773B66-D45F-46AF-8A1E-A29CE500DDC8}.Release|Any CPU.ActiveCfg = Release|Any CPU
		{68773B66-D45F-46AF-8A1E-A29CE500DDC8}.Release|Any CPU.Build.0 = Release|Any CPU
	EndGlobalSection
	GlobalSection(SolutionProperties) = preSolution
		HideSolutionNode = FALSE
	EndGlobalSection
	GlobalSection(ExtensibilityGlobals) = postSolution
		SolutionGuid = {431CE042-A458-430A-A6F2-A92D6E3BF78C}
	EndGlobalSection
EndGlobal
